
Microsoft Visual Studio Solution File, Format Version 12.00
# Visual Studio Version 16
VisualStudioVersion = 16.0.30309.148
MinimumVisualStudioVersion = 10.0.40219.1
Project("{9092AA53-FB77-4645-B42D-1CCCA6BD08BD}") = "Find My Hat", "Find My Hat\Find My Hat.njsproj", "{2F641186-6685-4243-9377-4FED6A15469F}"
EndProject
Global
	GlobalSection(SolutionConfigurationPlatforms) = preSolution
		Debug|Any CPU = Debug|Any CPU
		Release|Any CPU = Release|Any CPU
	EndGlobalSection
	GlobalSection(ProjectConfigurationPlatforms) = postSolution
		{2F641186-6685-4243-9377-4FED6A15469F}.Debug|Any CPU.ActiveCfg = Debug|Any CPU
		{2F641186-6685-4243-9377-4FED6A15469F}.Debug|Any CPU.Build.0 = Debug|Any CPU
		{2F641186-6685-4243-9377-4FED6A15469F}.Release|Any CPU.ActiveCfg = Release|Any CPU
		{2F641186-6685-4243-9377-4FED6A15469F}.Release|Any CPU.Build.0 = Release|Any CPU
	EndGlobalSection
	GlobalSection(SolutionProperties) = preSolution
		HideSolutionNode = FALSE
	EndGlobalSection
	GlobalSection(ExtensibilityGlobals) = postSolution
		SolutionGuid = {EE11071F-77D8-472B-B7A1-611278DA3E25}
	EndGlobalSection
EndGlobal
